// !$*UTF8*$!
{
	archiveVersion = 1;
	classes = {
	};
	objectVersion = 56;
	objects = {

/* Begin PBXBuildFile section */
		757DE9CB2A7948E50035F5C8 /* timeline_money_iosApp.swift in Sources */ = {isa = PBXBuildFile; fileRef = 757DE9CA2A7948E50035F5C8 /* timeline_money_iosApp.swift */; };
		757DE9CD2A7948E50035F5C8 /* ContentView.swift in Sources */ = {isa = PBXBuildFile; fileRef = 757DE9CC2A7948E50035F5C8 /* ContentView.swift */; };
		757DE9CF2A7948E60035F5C8 /* Assets.xcassets in Resources */ = {isa = PBXBuildFile; fileRef = 757DE9CE2A7948E60035F5C8 /* Assets.xcassets */; };
		757DE9D22A7948E60035F5C8 /* Preview Assets.xcassets in Resources */ = {isa = PBXBuildFile; fileRef = 757DE9D12A7948E60035F5C8 /* Preview Assets.xcassets */; };
		757DE9DC2A7948E60035F5C8 /* timeline_money_iosTests.swift in Sources */ = {isa = PBXBuildFile; fileRef = 757DE9DB2A7948E60035F5C8 /* timeline_money_iosTests.swift */; };
		757DE9E62A7948E60035F5C8 /* timeline_money_iosUITests.swift in Sources */ = {isa = PBXBuildFile; fileRef = 757DE9E52A7948E60035F5C8 /* timeline_money_iosUITests.swift */; };
		757DE9E82A7948E60035F5C8 /* timeline_money_iosUITestsLaunchTests.swift in Sources */ = {isa = PBXBuildFile; fileRef = 757DE9E72A7948E60035F5C8 /* timeline_money_iosUITestsLaunchTests.swift */; };
/* End PBXBuildFile section */

/* Begin PBXContainerItemProxy section */
		757DE9D82A7948E60035F5C8 /* PBXContainerItemProxy */ = {
			isa = PBXContainerItemProxy;
			containerPortal = 757DE9BF2A7948E50035F5C8 /* Project object */;
			proxyType = 1;
			remoteGlobalIDString = 757DE9C62A7948E50035F5C8;
			remoteInfo = "timeline-money-ios";
		};
		757DE9E22A7948E60035F5C8 /* PBXContainerItemProxy */ = {
			isa = PBXContainerItemProxy;
			containerPortal = 757DE9BF2A7948E50035F5C8 /* Project object */;
			proxyType = 1;
			remoteGlobalIDString = 757DE9C62A7948E50035F5C8;
			remoteInfo = "timeline-money-ios";
		};
/* End PBXContainerItemProxy section */

/* Begin PBXFileReference section */
		757DE9C72A7948E50035F5C8 /* timeline-money-ios.app */ = {isa = PBXFileReference; explicitFileType = wrapper.application; includeInIndex = 0; path = "timeline-money-ios.app"; sourceTree = BUILT_PRODUCTS_DIR; };
		757DE9CA2A7948E50035F5C8 /* timeline_money_iosApp.swift */ = {isa = PBXFileReference; lastKnownFileType = sourcecode.swift; path = timeline_money_iosApp.swift; sourceTree = "<group>"; };
		757DE9CC2A7948E50035F5C8 /* ContentView.swift */ = {isa = PBXFileReference; lastKnownFileType = sourcecode.swift; path = ContentView.swift; sourceTree = "<group>"; };
		757DE9CE2A7948E60035F5C8 /* Assets.xcassets */ = {isa = PBXFileReference; lastKnownFileType = folder.assetcatalog; path = Assets.xcassets; sourceTree = "<group>"; };
		757DE9D12A7948E60035F5C8 /* Preview Assets.xcassets */ = {isa = PBXFileReference; lastKnownFileType = folder.assetcatalog; path = "Preview Assets.xcassets"; sourceTree = "<group>"; };
		757DE9D72A7948E60035F5C8 /* timeline-money-iosTests.xctest */ = {isa = PBXFileReference; explicitFileType = wrapper.cfbundle; includeInIndex = 0; path = "timeline-money-iosTests.xctest"; sourceTree = BUILT_PRODUCTS_DIR; };
		757DE9DB2A7948E60035F5C8 /* timeline_money_iosTests.swift */ = {isa = PBXFileReference; lastKnownFileType = sourcecode.swift; path = timeline_money_iosTests.swift; sourceTree = "<group>"; };
		757DE9E12A7948E60035F5C8 /* timeline-money-iosUITests.xctest */ = {isa = PBXFileReference; explicitFileType = wrapper.cfbundle; includeInIndex = 0; path = "timeline-money-iosUITests.xctest"; sourceTree = BUILT_PRODUCTS_DIR; };
		757DE9E52A7948E60035F5C8 /* timeline_money_iosUITests.swift */ = {isa = PBXFileReference; lastKnownFileType = sourcecode.swift; path = timeline_money_iosUITests.swift; sourceTree = "<group>"; };
		757DE9E72A7948E60035F5C8 /* timeline_money_iosUITestsLaunchTests.swift */ = {isa = PBXFileReference; lastKnownFileType = sourcecode.swift; path = timeline_money_iosUITestsLaunchTests.swift; sourceTree = "<group>"; };
/* End PBXFileReference section */

/* Begin PBXFrameworksBuildPhase section */
		757DE9C42A7948E50035F5C8 /* Frameworks */ = {
			isa = PBXFrameworksBuildPhase;
			buildActionMask = 2147483647;
			files = (
			);
			runOnlyForDeploymentPostprocessing = 0;
		};
		757DE9D42A7948E60035F5C8 /* Frameworks */ = {
			isa = PBXFrameworksBuildPhase;
			buildActionMask = 2147483647;
			files = (
			);
			runOnlyForDeploymentPostprocessing = 0;
		};
		757DE9DE2A7948E60035F5C8 /* Frameworks */ = {
			isa = PBXFrameworksBuildPhase;
			buildActionMask = 2147483647;
			files = (
			);
			runOnlyForDeploymentPostprocessing = 0;
		};
/* End PBXFrameworksBuildPhase section */

/* Begin PBXGroup section */
		757DE9BE2A7948E50035F5C8 = {
			isa = PBXGroup;
			children = (
				757DE9C92A7948E50035F5C8 /* timeline-money-ios */,
				757DE9DA2A7948E60035F5C8 /* timeline-money-iosTests */,
				757DE9E42A7948E60035F5C8 /* timeline-money-iosUITests */,
				757DE9C82A7948E50035F5C8 /* Products */,
			);
			sourceTree = "<group>";
		};
		757DE9C82A7948E50035F5C8 /* Products */ = {
			isa = PBXGroup;
			children = (
				757DE9C72A7948E50035F5C8 /* timeline-money-ios.app */,
				757DE9D72A7948E60035F5C8 /* timeline-money-iosTests.xctest */,
				757DE9E12A7948E60035F5C8 /* timeline-money-iosUITests.xctest */,
			);
			name = Products;
			sourceTree = "<group>";
		};
		757DE9C92A7948E50035F5C8 /* timeline-money-ios */ = {
			isa = PBXGroup;
			children = (
				757DE9CA2A7948E50035F5C8 /* timeline_money_iosApp.swift */,
				757DE9CC2A7948E50035F5C8 /* ContentView.swift */,
				757DE9CE2A7948E60035F5C8 /* Assets.xcassets */,
				757DE9D02A7948E60035F5C8 /* Preview Content */,
			);
			path = "timeline-money-ios";
			sourceTree = "<group>";
		};
		757DE9D02A7948E60035F5C8 /* Preview Content */ = {
			isa = PBXGroup;
			children = (
				757DE9D12A7948E60035F5C8 /* Preview Assets.xcassets */,
			);
			path = "Preview Content";
			sourceTree = "<group>";
		};
		757DE9DA2A7948E60035F5C8 /* timeline-money-iosTests */ = {
			isa = PBXGroup;
			children = (
				757DE9DB2A7948E60035F5C8 /* timeline_money_iosTests.swift */,
			);
			path = "timeline-money-iosTests";
			sourceTree = "<group>";
		};
		757DE9E42A7948E60035F5C8 /* timeline-money-iosUITests */ = {
			isa = PBXGroup;
			children = (
				757DE9E52A7948E60035F5C8 /* timeline_money_iosUITests.swift */,
				757DE9E72A7948E60035F5C8 /* timeline_money_iosUITestsLaunchTests.swift */,
			);
			path = "timeline-money-iosUITests";
			sourceTree = "<group>";
		};
/* End PBXGroup section */

/* Begin PBXNativeTarget section */
		757DE9C62A7948E50035F5C8 /* timeline-money-ios */ = {
			isa = PBXNativeTarget;
			buildConfigurationList = 757DE9EB2A7948E60035F5C8 /* Build configuration list for PBXNativeTarget "timeline-money-ios" */;
			buildPhases = (
				757DE9C32A7948E50035F5C8 /* Sources */,
				757DE9C42A7948E50035F5C8 /* Frameworks */,
				757DE9C52A7948E50035F5C8 /* Resources */,
			);
			buildRules = (
			);
			dependencies = (
			);
			name = "timeline-money-ios";
			productName = "timeline-money-ios";
			productReference = 757DE9C72A7948E50035F5C8 /* timeline-money-ios.app */;
			productType = "com.apple.product-type.application";
		};
		757DE9D62A7948E60035F5C8 /* timeline-money-iosTests */ = {
			isa = PBXNativeTarget;
			buildConfigurationList = 757DE9EE2A7948E60035F5C8 /* Build configuration list for PBXNativeTarget "timeline-money-iosTests" */;
			buildPhases = (
				757DE9D32A7948E60035F5C8 /* Sources */,
				757DE9D42A7948E60035F5C8 /* Frameworks */,
				757DE9D52A7948E60035F5C8 /* Resources */,
			);
			buildRules = (
			);
			dependencies = (
				757DE9D92A7948E60035F5C8 /* PBXTargetDependency */,
			);
			name = "timeline-money-iosTests";
			productName = "timeline-money-iosTests";
			productReference = 757DE9D72A7948E60035F5C8 /* timeline-money-iosTests.xctest */;
			productType = "com.apple.product-type.bundle.unit-test";
		};
		757DE9E02A7948E60035F5C8 /* timeline-money-iosUITests */ = {
			isa = PBXNativeTarget;
			buildConfigurationList = 757DE9F12A7948E60035F5C8 /* Build configuration list for PBXNativeTarget "timeline-money-iosUITests" */;
			buildPhases = (
				757DE9DD2A7948E60035F5C8 /* Sources */,
				757DE9DE2A7948E60035F5C8 /* Frameworks */,
				757DE9DF2A7948E60035F5C8 /* Resources */,
			);
			buildRules = (
			);
			dependencies = (
				757DE9E32A7948E60035F5C8 /* PBXTargetDependency */,
			);
			name = "timeline-money-iosUITests";
			productName = "timeline-money-iosUITests";
			productReference = 757DE9E12A7948E60035F5C8 /* timeline-money-iosUITests.xctest */;
			productType = "com.apple.product-type.bundle.ui-testing";
		};
/* End PBXNativeTarget section */

/* Begin PBXProject section */
		757DE9BF2A7948E50035F5C8 /* Project object */ = {
			isa = PBXProject;
			attributes = {
				BuildIndependentTargetsInParallel = 1;
				LastSwiftUpdateCheck = 1430;
				LastUpgradeCheck = 1430;
				TargetAttributes = {
					757DE9C62A7948E50035F5C8 = {
						CreatedOnToolsVersion = 14.3.1;
					};
					757DE9D62A7948E60035F5C8 = {
						CreatedOnToolsVersion = 14.3.1;
						TestTargetID = 757DE9C62A7948E50035F5C8;
					};
					757DE9E02A7948E60035F5C8 = {
						CreatedOnToolsVersion = 14.3.1;
						TestTargetID = 757DE9C62A7948E50035F5C8;
					};
				};
			};
			buildConfigurationList = 757DE9C22A7948E50035F5C8 /* Build configuration list for PBXProject "timeline-money-ios" */;
			compatibilityVersion = "Xcode 14.0";
			developmentRegion = en;
			hasScannedForEncodings = 0;
			knownRegions = (
				en,
				Base,
			);
			mainGroup = 757DE9BE2A7948E50035F5C8;
			productRefGroup = 757DE9C82A7948E50035F5C8 /* Products */;
			projectDirPath = "";
			projectRoot = "";
			targets = (
				757DE9C62A7948E50035F5C8 /* timeline-money-ios */,
				757DE9D62A7948E60035F5C8 /* timeline-money-iosTests */,
				757DE9E02A7948E60035F5C8 /* timeline-money-iosUITests */,
			);
		};
/* End PBXProject section */

/* Begin PBXResourcesBuildPhase section */
		757DE9C52A7948E50035F5C8 /* Resources */ = {
			isa = PBXResourcesBuildPhase;
			buildActionMask = 2147483647;
			files = (
				757DE9D22A7948E60035F5C8 /* Preview Assets.xcassets in Resources */,
				757DE9CF2A7948E60035F5C8 /* Assets.xcassets in Resources */,
			);
			runOnlyForDeploymentPostprocessing = 0;
		};
		757DE9D52A7948E60035F5C8 /* Resources */ = {
			isa = PBXResourcesBuildPhase;
			buildActionMask = 2147483647;
			files = (
			);
			runOnlyForDeploymentPostprocessing = 0;
		};
		757DE9DF2A7948E60035F5C8 /* Resources */ = {
			isa = PBXResourcesBuildPhase;
			buildActionMask = 2147483647;
			files = (
			);
			runOnlyForDeploymentPostprocessing = 0;
		};
/* End PBXResourcesBuildPhase section */

/* Begin PBXSourcesBuildPhase section */
		757DE9C32A7948E50035F5C8 /* Sources */ = {
			isa = PBXSourcesBuildPhase;
			buildActionMask = 2147483647;
			files = (
				757DE9CD2A7948E50035F5C8 /* ContentView.swift in Sources */,
				757DE9CB2A7948E50035F5C8 /* timeline_money_iosApp.swift in Sources */,
			);
			runOnlyForDeploymentPostprocessing = 0;
		};
		757DE9D32A7948E60035F5C8 /* Sources */ = {
			isa = PBXSourcesBuildPhase;
			buildActionMask = 2147483647;
			files = (
				757DE9DC2A7948E60035F5C8 /* timeline_money_iosTests.swift in Sources */,
			);
			runOnlyForDeploymentPostprocessing = 0;
		};
		757DE9DD2A7948E60035F5C8 /* Sources */ = {
			isa = PBXSourcesBuildPhase;
			buildActionMask = 2147483647;
			files = (
				757DE9E82A7948E60035F5C8 /* timeline_money_iosUITestsLaunchTests.swift in Sources */,
				757DE9E62A7948E60035F5C8 /* timeline_money_iosUITests.swift in Sources */,
			);
			runOnlyForDeploymentPostprocessing = 0;
		};
/* End PBXSourcesBuildPhase section */

/* Begin PBXTargetDependency section */
		757DE9D92A7948E60035F5C8 /* PBXTargetDependency */ = {
			isa = PBXTargetDependency;
			target = 757DE9C62A7948E50035F5C8 /* timeline-money-ios */;
			targetProxy = 757DE9D82A7948E60035F5C8 /* PBXContainerItemProxy */;
		};
		757DE9E32A7948E60035F5C8 /* PBXTargetDependency */ = {
			isa = PBXTargetDependency;
			target = 757DE9C62A7948E50035F5C8 /* timeline-money-ios */;
			targetProxy = 757DE9E22A7948E60035F5C8 /* PBXContainerItemProxy */;
		};
/* End PBXTargetDependency section */

/* Begin XCBuildConfiguration section */
		757DE9E92A7948E60035F5C8 /* Debug */ = {
			isa = XCBuildConfiguration;
			buildSettings = {
				ALWAYS_SEARCH_USER_PATHS = NO;
				CLANG_ANALYZER_NONNULL = YES;
				CLANG_ANALYZER_NUMBER_OBJECT_CONVERSION = YES_AGGRESSIVE;
				CLANG_CXX_LANGUAGE_STANDARD = "gnu++20";
				CLANG_ENABLE_MODULES = YES;
				CLANG_ENABLE_OBJC_ARC = YES;
				CLANG_ENABLE_OBJC_WEAK = YES;
				CLANG_WARN_BLOCK_CAPTURE_AUTORELEASING = YES;
				CLANG_WARN_BOOL_CONVERSION = YES;
				CLANG_WARN_COMMA = YES;
				CLANG_WARN_CONSTANT_CONVERSION = YES;
				CLANG_WARN_DEPRECATED_OBJC_IMPLEMENTATIONS = YES;
				CLANG_WARN_DIRECT_OBJC_ISA_USAGE = YES_ERROR;
				CLANG_WARN_DOCUMENTATION_COMMENTS = YES;
				CLANG_WARN_EMPTY_BODY = YES;
				CLANG_WARN_ENUM_CONVERSION = YES;
				CLANG_WARN_INFINITE_RECURSION = YES;
				CLANG_WARN_INT_CONVERSION = YES;
				CLANG_WARN_NON_LITERAL_NULL_CONVERSION = YES;
				CLANG_WARN_OBJC_IMPLICIT_RETAIN_SELF = YES;
				CLANG_WARN_OBJC_LITERAL_CONVERSION = YES;
				CLANG_WARN_OBJC_ROOT_CLASS = YES_ERROR;
				CLANG_WARN_QUOTED_INCLUDE_IN_FRAMEWORK_HEADER = YES;
				CLANG_WARN_RANGE_LOOP_ANALYSIS = YES;
				CLANG_WARN_STRICT_PROTOTYPES = YES;
				CLANG_WARN_SUSPICIOUS_MOVE = YES;
				CLANG_WARN_UNGUARDED_AVAILABILITY = YES_AGGRESSIVE;
				CLANG_WARN_UNREACHABLE_CODE = YES;
				CLANG_WARN__DUPLICATE_METHOD_MATCH = YES;
				COPY_PHASE_STRIP = NO;
				DEBUG_INFORMATION_FORMAT = dwarf;
				ENABLE_STRICT_OBJC_MSGSEND = YES;
				ENABLE_TESTABILITY = YES;
				GCC_C_LANGUAGE_STANDARD = gnu11;
				GCC_DYNAMIC_NO_PIC = NO;
				GCC_NO_COMMON_BLOCKS = YES;
				GCC_OPTIMIZATION_LEVEL = 0;
				GCC_PREPROCESSOR_DEFINITIONS = (
					"DEBUG=1",
					"$(inherited)",
				);
				GCC_WARN_64_TO_32_BIT_CONVERSION = YES;
				GCC_WARN_ABOUT_RETURN_TYPE = YES_ERROR;
				GCC_WARN_UNDECLARED_SELECTOR = YES;
				GCC_WARN_UNINITIALIZED_AUTOS = YES_AGGRESSIVE;
				GCC_WARN_UNUSED_FUNCTION = YES;
				GCC_WARN_UNUSED_VARIABLE = YES;
				IPHONEOS_DEPLOYMENT_TARGET = 16.4;
				MTL_ENABLE_DEBUG_INFO = INCLUDE_SOURCE;
				MTL_FAST_MATH = YES;
				ONLY_ACTIVE_ARCH = YES;
				SDKROOT = iphoneos;
				SWIFT_ACTIVE_COMPILATION_CONDITIONS = DEBUG;
				SWIFT_OPTIMIZATION_LEVEL = "-Onone";
			};
			name = Debug;
		};
		757DE9EA2A7948E60035F5C8 /* Release */ = {
			isa = XCBuildConfiguration;
			buildSettings = {
				ALWAYS_SEARCH_USER_PATHS = NO;
				CLANG_ANALYZER_NONNULL = YES;
				CLANG_ANALYZER_NUMBER_OBJECT_CONVERSION = YES_AGGRESSIVE;
				CLANG_CXX_LANGUAGE_STANDARD = "gnu++20";
				CLANG_ENABLE_MODULES = YES;
				CLANG_ENABLE_OBJC_ARC = YES;
				CLANG_ENABLE_OBJC_WEAK = YES;
				CLANG_WARN_BLOCK_CAPTURE_AUTORELEASING = YES;
				CLANG_WARN_BOOL_CONVERSION = YES;
				CLANG_WARN_COMMA = YES;
				CLANG_WARN_CONSTANT_CONVERSION = YES;
				CLANG_WARN_DEPRECATED_OBJC_IMPLEMENTATIONS = YES;
				CLANG_WARN_DIRECT_OBJC_ISA_USAGE = YES_ERROR;
				CLANG_WARN_DOCUMENTATION_COMMENTS = YES;
				CLANG_WARN_EMPTY_BODY = YES;
				CLANG_WARN_ENUM_CONVERSION = YES;
				CLANG_WARN_INFINITE_RECURSION = YES;
				CLANG_WARN_INT_CONVERSION = YES;
				CLANG_WARN_NON_LITERAL_NULL_CONVERSION = YES;
				CLANG_WARN_OBJC_IMPLICIT_RETAIN_SELF = YES;
				CLANG_WARN_OBJC_LITERAL_CONVERSION = YES;
				CLANG_WARN_OBJC_ROOT_CLASS = YES_ERROR;
				CLANG_WARN_QUOTED_INCLUDE_IN_FRAMEWORK_HEADER = YES;
				CLANG_WARN_RANGE_LOOP_ANALYSIS = YES;
				CLANG_WARN_STRICT_PROTOTYPES = YES;
				CLANG_WARN_SUSPICIOUS_MOVE = YES;
				CLANG_WARN_UNGUARDED_AVAILABILITY = YES_AGGRESSIVE;
				CLANG_WARN_UNREACHABLE_CODE = YES;
				CLANG_WARN__DUPLICATE_METHOD_MATCH = YES;
				COPY_PHASE_STRIP = NO;
				DEBUG_INFORMATION_FORMAT = "dwarf-with-dsym";
				ENABLE_NS_ASSERTIONS = NO;
				ENABLE_STRICT_OBJC_MSGSEND = YES;
				GCC_C_LANGUAGE_STANDARD = gnu11;
				GCC_NO_COMMON_BLOCKS = YES;
				GCC_WARN_64_TO_32_BIT_CONVERSION = YES;
				GCC_WARN_ABOUT_RETURN_TYPE = YES_ERROR;
				GCC_WARN_UNDECLARED_SELECTOR = YES;
				GCC_WARN_UNINITIALIZED_AUTOS = YES_AGGRESSIVE;
				GCC_WARN_UNUSED_FUNCTION = YES;
				GCC_WARN_UNUSED_VARIABLE = YES;
				IPHONEOS_DEPLOYMENT_TARGET = 16.4;
				MTL_ENABLE_DEBUG_INFO = NO;
				MTL_FAST_MATH = YES;
				SDKROOT = iphoneos;
				SWIFT_COMPILATION_MODE = wholemodule;
				SWIFT_OPTIMIZATION_LEVEL = "-O";
				VALIDATE_PRODUCT = YES;
			};
			name = Release;
		};
		757DE9EC2A7948E60035F5C8 /* Debug */ = {
			isa = XCBuildConfiguration;
			buildSettings = {
				ASSETCATALOG_COMPILER_APPICON_NAME = AppIcon;
				ASSETCATALOG_COMPILER_GLOBAL_ACCENT_COLOR_NAME = AccentColor;
				CODE_SIGN_STYLE = Automatic;
				CURRENT_PROJECT_VERSION = 1;
				DEVELOPMENT_ASSET_PATHS = "\"timeline-money-ios/Preview Content\"";
				DEVELOPMENT_TEAM = PZ3JGM2DJG;
				ENABLE_PREVIEWS = YES;
				GENERATE_INFOPLIST_FILE = YES;
				INFOPLIST_KEY_UIApplicationSceneManifest_Generation = YES;
				INFOPLIST_KEY_UIApplicationSupportsIndirectInputEvents = YES;
				INFOPLIST_KEY_UILaunchScreen_Generation = YES;
				INFOPLIST_KEY_UISupportedInterfaceOrientations_iPad = "UIInterfaceOrientationPortrait UIInterfaceOrientationPortraitUpsideDown UIInterfaceOrientationLandscapeLeft UIInterfaceOrientationLandscapeRight";
				INFOPLIST_KEY_UISupportedInterfaceOrientations_iPhone = "UIInterfaceOrientationPortrait UIInterfaceOrientationLandscapeLeft UIInterfaceOrientationLandscapeRight";
				LD_RUNPATH_SEARCH_PATHS = (
					"$(inherited)",
					"@executable_path/Frameworks",
				);
				MARKETING_VERSION = 1.0;
				PRODUCT_BUNDLE_IDENTIFIER = "duarte-bruno.timeline-money-ios";
				PRODUCT_NAME = "$(TARGET_NAME)";
				SWIFT_EMIT_LOC_STRINGS = YES;
				SWIFT_VERSION = 5.0;
				TARGETED_DEVICE_FAMILY = "1,2";
			};
			name = Debug;
		};
		757DE9ED2A7948E60035F5C8 /* Release */ = {
			isa = XCBuildConfiguration;
			buildSettings = {
				ASSETCATALOG_COMPILER_APPICON_NAME = AppIcon;
				ASSETCATALOG_COMPILER_GLOBAL_ACCENT_COLOR_NAME = AccentColor;
				CODE_SIGN_STYLE = Automatic;
				CURRENT_PROJECT_VERSION = 1;
				DEVELOPMENT_ASSET_PATHS = "\"timeline-money-ios/Preview Content\"";
				DEVELOPMENT_TEAM = PZ3JGM2DJG;
				ENABLE_PREVIEWS = YES;
				GENERATE_INFOPLIST_FILE = YES;
				INFOPLIST_KEY_UIApplicationSceneManifest_Generation = YES;
				INFOPLIST_KEY_UIApplicationSupportsIndirectInputEvents = YES;
				INFOPLIST_KEY_UILaunchScreen_Generation = YES;
				INFOPLIST_KEY_UISupportedInterfaceOrientations_iPad = "UIInterfaceOrientationPortrait UIInterfaceOrientationPortraitUpsideDown UIInterfaceOrientationLandscapeLeft UIInterfaceOrientationLandscapeRight";
				INFOPLIST_KEY_UISupportedInterfaceOrientations_iPhone = "UIInterfaceOrientationPortrait UIInterfaceOrientationLandscapeLeft UIInterfaceOrientationLandscapeRight";
				LD_RUNPATH_SEARCH_PATHS = (
					"$(inherited)",
					"@executable_path/Frameworks",
				);
				MARKETING_VERSION = 1.0;
				PRODUCT_BUNDLE_IDENTIFIER = "duarte-bruno.timeline-money-ios";
				PRODUCT_NAME = "$(TARGET_NAME)";
				SWIFT_EMIT_LOC_STRINGS = YES;
				SWIFT_VERSION = 5.0;
				TARGETED_DEVICE_FAMILY = "1,2";
			};
			name = Release;
		};
		757DE9EF2A7948E60035F5C8 /* Debug */ = {
			isa = XCBuildConfiguration;
			buildSettings = {
				ALWAYS_EMBED_SWIFT_STANDARD_LIBRARIES = YES;
				BUNDLE_LOADER = "$(TEST_HOST)";
				CODE_SIGN_STYLE = Automatic;
				CURRENT_PROJECT_VERSION = 1;
				DEVELOPMENT_TEAM = PZ3JGM2DJG;
				GENERATE_INFOPLIST_FILE = YES;
				IPHONEOS_DEPLOYMENT_TARGET = 16.4;
				MARKETING_VERSION = 1.0;
				PRODUCT_BUNDLE_IDENTIFIER = "duarte-bruno.timeline-money-iosTests";
				PRODUCT_NAME = "$(TARGET_NAME)";
				SWIFT_EMIT_LOC_STRINGS = NO;
				SWIFT_VERSION = 5.0;
				TARGETED_DEVICE_FAMILY = "1,2";
				TEST_HOST = "$(BUILT_PRODUCTS_DIR)/timeline-money-ios.app/$(BUNDLE_EXECUTABLE_FOLDER_PATH)/timeline-money-ios";
			};
			name = Debug;
		};
		757DE9F02A7948E60035F5C8 /* Release */ = {
			isa = XCBuildConfiguration;
			buildSettings = {
				ALWAYS_EMBED_SWIFT_STANDARD_LIBRARIES = YES;
				BUNDLE_LOADER = "$(TEST_HOST)";
				CODE_SIGN_STYLE = Automatic;
				CURRENT_PROJECT_VERSION = 1;
				DEVELOPMENT_TEAM = PZ3JGM2DJG;
				GENERATE_INFOPLIST_FILE = YES;
				IPHONEOS_DEPLOYMENT_TARGET = 16.4;
				MARKETING_VERSION = 1.0;
				PRODUCT_BUNDLE_IDENTIFIER = "duarte-bruno.timeline-money-iosTests";
				PRODUCT_NAME = "$(TARGET_NAME)";
				SWIFT_EMIT_LOC_STRINGS = NO;
				SWIFT_VERSION = 5.0;
				TARGETED_DEVICE_FAMILY = "1,2";
				TEST_HOST = "$(BUILT_PRODUCTS_DIR)/timeline-money-ios.app/$(BUNDLE_EXECUTABLE_FOLDER_PATH)/timeline-money-ios";
			};
			name = Release;
		};
		757DE9F22A7948E60035F5C8 /* Debug */ = {
			isa = XCBuildConfiguration;
			buildSettings = {
				ALWAYS_EMBED_SWIFT_STANDARD_LIBRARIES = YES;
				CODE_SIGN_STYLE = Automatic;
				CURRENT_PROJECT_VERSION = 1;
				DEVELOPMENT_TEAM = PZ3JGM2DJG;
				GENERATE_INFOPLIST_FILE = YES;
				MARKETING_VERSION = 1.0;
				PRODUCT_BUNDLE_IDENTIFIER = "duarte-bruno.timeline-money-iosUITests";
				PRODUCT_NAME = "$(TARGET_NAME)";
				SWIFT_EMIT_LOC_STRINGS = NO;
				SWIFT_VERSION = 5.0;
				TARGETED_DEVICE_FAMILY = "1,2";
				TEST_TARGET_NAME = "timeline-money-ios";
			};
			name = Debug;
		};
		757DE9F32A7948E60035F5C8 /* Release */ = {
			isa = XCBuildConfiguration;
			buildSettings = {
				ALWAYS_EMBED_SWIFT_STANDARD_LIBRARIES = YES;
				CODE_SIGN_STYLE = Automatic;
				CURRENT_PROJECT_VERSION = 1;
				DEVELOPMENT_TEAM = PZ3JGM2DJG;
				GENERATE_INFOPLIST_FILE = YES;
				MARKETING_VERSION = 1.0;
				PRODUCT_BUNDLE_IDENTIFIER = "duarte-bruno.timeline-money-iosUITests";
				PRODUCT_NAME = "$(TARGET_NAME)";
				SWIFT_EMIT_LOC_STRINGS = NO;
				SWIFT_VERSION = 5.0;
				TARGETED_DEVICE_FAMILY = "1,2";
				TEST_TARGET_NAME = "timeline-money-ios";
			};
			name = Release;
		};
/* End XCBuildConfiguration section */

/* Begin XCConfigurationList section */
		757DE9C22A7948E50035F5C8 /* Build configuration list for PBXProject "timeline-money-ios" */ = {
			isa = XCConfigurationList;
			buildConfigurations = (
				757DE9E92A7948E60035F5C8 /* Debug */,
				757DE9EA2A7948E60035F5C8 /* Release */,
			);
			defaultConfigurationIsVisible = 0;
			defaultConfigurationName = Release;
		};
		757DE9EB2A7948E60035F5C8 /* Build configuration list for PBXNativeTarget "timeline-money-ios" */ = {
			isa = XCConfigurationList;
			buildConfigurations = (
				757DE9EC2A7948E60035F5C8 /* Debug */,
				757DE9ED2A7948E60035F5C8 /* Release */,
			);
			defaultConfigurationIsVisible = 0;
			defaultConfigurationName = Release;
		};
		757DE9EE2A7948E60035F5C8 /* Build configuration list for PBXNativeTarget "timeline-money-iosTests" */ = {
			isa = XCConfigurationList;
			buildConfigurations = (
				757DE9EF2A7948E60035F5C8 /* Debug */,
				757DE9F02A7948E60035F5C8 /* Release */,
			);
			defaultConfigurationIsVisible = 0;
			defaultConfigurationName = Release;
		};
		757DE9F12A7948E60035F5C8 /* Build configuration list for PBXNativeTarget "timeline-money-iosUITests" */ = {
			isa = XCConfigurationList;
			buildConfigurations = (
				757DE9F22A7948E60035F5C8 /* Debug */,
				757DE9F32A7948E60035F5C8 /* Release */,
			);
			defaultConfigurationIsVisible = 0;
			defaultConfigurationName = Release;
		};
/* End XCConfigurationList section */
	};
	rootObject = 757DE9BF2A7948E50035F5C8 /* Project object */;
}
